// !$*UTF8*$!
{
	archiveVersion = 1;
	classes = {
	};
	objectVersion = 46;
	objects = {

/* Begin PBXBuildFile section */
		648F99A617B782D10040E8FB /* Mi9BarDetails.m in Sources */ = {isa = PBXBuildFile; fileRef = 648F99A517B782D10040E8FB /* Mi9BarDetails.m */; };
		64B60EB517B7ACC0002B436B /* Mi9ViewControllerDataSource.m in Sources */ = {isa = PBXBuildFile; fileRef = 64B60EB417B7ACC0002B436B /* Mi9ViewControllerDataSource.m */; };
		64F7C7E917AE0BAD00FE18B1 /* UIKit.framework in Frameworks */ = {isa = PBXBuildFile; fileRef = 64F7C7E817AE0BAD00FE18B1 /* UIKit.framework */; };
		64F7C7EB17AE0BAD00FE18B1 /* Foundation.framework in Frameworks */ = {isa = PBXBuildFile; fileRef = 64F7C7EA17AE0BAD00FE18B1 /* Foundation.framework */; };
		64F7C7ED17AE0BAD00FE18B1 /* CoreGraphics.framework in Frameworks */ = {isa = PBXBuildFile; fileRef = 64F7C7EC17AE0BAD00FE18B1 /* CoreGraphics.framework */; };
		64F7C7F317AE0BAD00FE18B1 /* InfoPlist.strings in Resources */ = {isa = PBXBuildFile; fileRef = 64F7C7F117AE0BAD00FE18B1 /* InfoPlist.strings */; };
		64F7C7F517AE0BAD00FE18B1 /* main.m in Sources */ = {isa = PBXBuildFile; fileRef = 64F7C7F417AE0BAD00FE18B1 /* main.m */; };
		64F7C7F917AE0BAD00FE18B1 /* Mi9AppDelegate.m in Sources */ = {isa = PBXBuildFile; fileRef = 64F7C7F817AE0BAD00FE18B1 /* Mi9AppDelegate.m */; };
		64F7C7FB17AE0BAD00FE18B1 /* Default.png in Resources */ = {isa = PBXBuildFile; fileRef = 64F7C7FA17AE0BAD00FE18B1 /* Default.png */; };
		64F7C7FD17AE0BAD00FE18B1 /* Default@2x.png in Resources */ = {isa = PBXBuildFile; fileRef = 64F7C7FC17AE0BAD00FE18B1 /* Default@2x.png */; };
		64F7C7FF17AE0BAD00FE18B1 /* Default-568h@2x.png in Resources */ = {isa = PBXBuildFile; fileRef = 64F7C7FE17AE0BAD00FE18B1 /* Default-568h@2x.png */; };
		64F7C80217AE0BAD00FE18B1 /* Mi9ViewController.m in Sources */ = {isa = PBXBuildFile; fileRef = 64F7C80117AE0BAD00FE18B1 /* Mi9ViewController.m */; };
		64F7C80517AE0BAD00FE18B1 /* Mi9ViewController.xib in Resources */ = {isa = PBXBuildFile; fileRef = 64F7C80317AE0BAD00FE18B1 /* Mi9ViewController.xib */; };
		64F7C80D17AE0C7300FE18B1 /* JSONFetcher.m in Sources */ = {isa = PBXBuildFile; fileRef = 64F7C80C17AE0C7300FE18B1 /* JSONFetcher.m */; };
		64F7C81117AE584D00FE18B1 /* BarViewController.m in Sources */ = {isa = PBXBuildFile; fileRef = 64F7C80F17AE584C00FE18B1 /* BarViewController.m */; };
		64F7C81217AE584D00FE18B1 /* BarViewController.xib in Resources */ = {isa = PBXBuildFile; fileRef = 64F7C81017AE584D00FE18B1 /* BarViewController.xib */; };
		CCBF2EC4C1994433BE594DC2 /* libPods.a in Frameworks */ = {isa = PBXBuildFile; fileRef = 8B52A97036D24A4899045D22 /* libPods.a */; };
/* End PBXBuildFile section */

/* Begin PBXFileReference section */
		331998FCB9394237BC8DC3CF /* Pods.xcconfig */ = {isa = PBXFileReference; includeInIndex = 1; lastKnownFileType = text.xcconfig; name = Pods.xcconfig; path = Pods/Pods.xcconfig; sourceTree = SOURCE_ROOT; };
		648F99A417B782D10040E8FB /* Mi9BarDetails.h */ = {isa = PBXFileReference; fileEncoding = 4; lastKnownFileType = sourcecode.c.h; path = Mi9BarDetails.h; sourceTree = "<group>"; };
		648F99A517B782D10040E8FB /* Mi9BarDetails.m */ = {isa = PBXFileReference; fileEncoding = 4; lastKnownFileType = sourcecode.c.objc; path = Mi9BarDetails.m; sourceTree = "<group>"; };
		64B60EB317B7ACC0002B436B /* Mi9ViewControllerDataSource.h */ = {isa = PBXFileReference; fileEncoding = 4; lastKnownFileType = sourcecode.c.h; path = Mi9ViewControllerDataSource.h; sourceTree = "<group>"; };
		64B60EB417B7ACC0002B436B /* Mi9ViewControllerDataSource.m */ = {isa = PBXFileReference; fileEncoding = 4; lastKnownFileType = sourcecode.c.objc; path = Mi9ViewControllerDataSource.m; sourceTree = "<group>"; };
		64C3F18B17B24D84003A5E72 /* Podfile */ = {isa = PBXFileReference; lastKnownFileType = text; path = Podfile; sourceTree = "<group>"; };
		64F7C7E517AE0BAD00FE18B1 /* FinalProject.app */ = {isa = PBXFileReference; explicitFileType = wrapper.application; includeInIndex = 0; path = FinalProject.app; sourceTree = BUILT_PRODUCTS_DIR; };
		64F7C7E817AE0BAD00FE18B1 /* UIKit.framework */ = {isa = PBXFileReference; lastKnownFileType = wrapper.framework; name = UIKit.framework; path = System/Library/Frameworks/UIKit.framework; sourceTree = SDKROOT; };
		64F7C7EA17AE0BAD00FE18B1 /* Foundation.framework */ = {isa = PBXFileReference; lastKnownFileType = wrapper.framework; name = Foundation.framework; path = System/Library/Frameworks/Foundation.framework; sourceTree = SDKROOT; };
		64F7C7EC17AE0BAD00FE18B1 /* CoreGraphics.framework */ = {isa = PBXFileReference; lastKnownFileType = wrapper.framework; name = CoreGraphics.framework; path = System/Library/Frameworks/CoreGraphics.framework; sourceTree = SDKROOT; };
		64F7C7F017AE0BAD00FE18B1 /* FinalProject-Info.plist */ = {isa = PBXFileReference; lastKnownFileType = text.plist.xml; path = "FinalProject-Info.plist"; sourceTree = "<group>"; };
		64F7C7F217AE0BAD00FE18B1 /* en */ = {isa = PBXFileReference; lastKnownFileType = text.plist.strings; name = en; path = en.lproj/InfoPlist.strings; sourceTree = "<group>"; };
		64F7C7F417AE0BAD00FE18B1 /* main.m */ = {isa = PBXFileReference; lastKnownFileType = sourcecode.c.objc; path = main.m; sourceTree = "<group>"; };
		64F7C7F617AE0BAD00FE18B1 /* FinalProject-Prefix.pch */ = {isa = PBXFileReference; lastKnownFileType = sourcecode.c.h; path = "FinalProject-Prefix.pch"; sourceTree = "<group>"; };
		64F7C7F717AE0BAD00FE18B1 /* Mi9AppDelegate.h */ = {isa = PBXFileReference; lastKnownFileType = sourcecode.c.h; path = Mi9AppDelegate.h; sourceTree = "<group>"; };
		64F7C7F817AE0BAD00FE18B1 /* Mi9AppDelegate.m */ = {isa = PBXFileReference; lastKnownFileType = sourcecode.c.objc; path = Mi9AppDelegate.m; sourceTree = "<group>"; };
		64F7C7FA17AE0BAD00FE18B1 /* Default.png */ = {isa = PBXFileReference; lastKnownFileType = image.png; path = Default.png; sourceTree = "<group>"; };
		64F7C7FC17AE0BAD00FE18B1 /* Default@2x.png */ = {isa = PBXFileReference; lastKnownFileType = image.png; path = "Default@2x.png"; sourceTree = "<group>"; };
		64F7C7FE17AE0BAD00FE18B1 /* Default-568h@2x.png */ = {isa = PBXFileReference; lastKnownFileType = image.png; path = "Default-568h@2x.png"; sourceTree = "<group>"; };
		64F7C80017AE0BAD00FE18B1 /* Mi9ViewController.h */ = {isa = PBXFileReference; lastKnownFileType = sourcecode.c.h; path = Mi9ViewController.h; sourceTree = "<group>"; };
		64F7C80117AE0BAD00FE18B1 /* Mi9ViewController.m */ = {isa = PBXFileReference; lastKnownFileType = sourcecode.c.objc; path = Mi9ViewController.m; sourceTree = "<group>"; };
		64F7C80417AE0BAD00FE18B1 /* en */ = {isa = PBXFileReference; lastKnownFileType = file.xib; name = en; path = en.lproj/Mi9ViewController.xib; sourceTree = "<group>"; };
		64F7C80B17AE0C7300FE18B1 /* JSONFetcher.h */ = {isa = PBXFileReference; fileEncoding = 4; lastKnownFileType = sourcecode.c.h; path = JSONFetcher.h; sourceTree = "<group>"; };
		64F7C80C17AE0C7300FE18B1 /* JSONFetcher.m */ = {isa = PBXFileReference; fileEncoding = 4; lastKnownFileType = sourcecode.c.objc; path = JSONFetcher.m; sourceTree = "<group>"; };
		64F7C80E17AE584C00FE18B1 /* BarViewController.h */ = {isa = PBXFileReference; fileEncoding = 4; lastKnownFileType = sourcecode.c.h; path = BarViewController.h; sourceTree = "<group>"; };
		64F7C80F17AE584C00FE18B1 /* BarViewController.m */ = {isa = PBXFileReference; fileEncoding = 4; lastKnownFileType = sourcecode.c.objc; path = BarViewController.m; sourceTree = "<group>"; };
		64F7C81017AE584D00FE18B1 /* BarViewController.xib */ = {isa = PBXFileReference; fileEncoding = 4; lastKnownFileType = file.xib; path = BarViewController.xib; sourceTree = "<group>"; };
		8B52A97036D24A4899045D22 /* libPods.a */ = {isa = PBXFileReference; explicitFileType = archive.ar; includeInIndex = 0; path = libPods.a; sourceTree = BUILT_PRODUCTS_DIR; };
/* End PBXFileReference section */

/* Begin PBXFrameworksBuildPhase section */
		64F7C7E217AE0BAD00FE18B1 /* Frameworks */ = {
			isa = PBXFrameworksBuildPhase;
			buildActionMask = 2147483647;
			files = (
				64F7C7E917AE0BAD00FE18B1 /* UIKit.framework in Frameworks */,
				64F7C7EB17AE0BAD00FE18B1 /* Foundation.framework in Frameworks */,
				64F7C7ED17AE0BAD00FE18B1 /* CoreGraphics.framework in Frameworks */,
				CCBF2EC4C1994433BE594DC2 /* libPods.a in Frameworks */,
			);
			runOnlyForDeploymentPostprocessing = 0;
		};
/* End PBXFrameworksBuildPhase section */

/* Begin PBXGroup section */
		64F7C7DC17AE0BAD00FE18B1 = {
			isa = PBXGroup;
			children = (
				64C3F18B17B24D84003A5E72 /* Podfile */,
				64F7C7EE17AE0BAD00FE18B1 /* FinalProject */,
				64F7C7E717AE0BAD00FE18B1 /* Frameworks */,
				64F7C7E617AE0BAD00FE18B1 /* Products */,
				331998FCB9394237BC8DC3CF /* Pods.xcconfig */,
			);
			sourceTree = "<group>";
		};
		64F7C7E617AE0BAD00FE18B1 /* Products */ = {
			isa = PBXGroup;
			children = (
				64F7C7E517AE0BAD00FE18B1 /* FinalProject.app */,
			);
			name = Products;
			sourceTree = "<group>";
		};
		64F7C7E717AE0BAD00FE18B1 /* Frameworks */ = {
			isa = PBXGroup;
			children = (
				64F7C7E817AE0BAD00FE18B1 /* UIKit.framework */,
				64F7C7EA17AE0BAD00FE18B1 /* Foundation.framework */,
				64F7C7EC17AE0BAD00FE18B1 /* CoreGraphics.framework */,
				8B52A97036D24A4899045D22 /* libPods.a */,
			);
			name = Frameworks;
			sourceTree = "<group>";
		};
		64F7C7EE17AE0BAD00FE18B1 /* FinalProject */ = {
			isa = PBXGroup;
			children = (
				64F7C80017AE0BAD00FE18B1 /* Mi9ViewController.h */,
				64F7C80117AE0BAD00FE18B1 /* Mi9ViewController.m */,
				64B60EB317B7ACC0002B436B /* Mi9ViewControllerDataSource.h */,
				64B60EB417B7ACC0002B436B /* Mi9ViewControllerDataSource.m */,
				64F7C80E17AE584C00FE18B1 /* BarViewController.h */,
				648F99A417B782D10040E8FB /* Mi9BarDetails.h */,
				648F99A517B782D10040E8FB /* Mi9BarDetails.m */,
				64F7C80F17AE584C00FE18B1 /* BarViewController.m */,
				64F7C81017AE584D00FE18B1 /* BarViewController.xib */,
				64F7C80317AE0BAD00FE18B1 /* Mi9ViewController.xib */,
				64F7C80B17AE0C7300FE18B1 /* JSONFetcher.h */,
				64F7C80C17AE0C7300FE18B1 /* JSONFetcher.m */,
				64F7C7EF17AE0BAD00FE18B1 /* Supporting Files */,
			);
			path = FinalProject;
			sourceTree = "<group>";
		};
		64F7C7EF17AE0BAD00FE18B1 /* Supporting Files */ = {
			isa = PBXGroup;
			children = (
				64F7C7F717AE0BAD00FE18B1 /* Mi9AppDelegate.h */,
				64F7C7F817AE0BAD00FE18B1 /* Mi9AppDelegate.m */,
				64F7C7F017AE0BAD00FE18B1 /* FinalProject-Info.plist */,
				64F7C7F117AE0BAD00FE18B1 /* InfoPlist.strings */,
				64F7C7F417AE0BAD00FE18B1 /* main.m */,
				64F7C7F617AE0BAD00FE18B1 /* FinalProject-Prefix.pch */,
				64F7C7FA17AE0BAD00FE18B1 /* Default.png */,
				64F7C7FC17AE0BAD00FE18B1 /* Default@2x.png */,
				64F7C7FE17AE0BAD00FE18B1 /* Default-568h@2x.png */,
			);
			name = "Supporting Files";
			sourceTree = "<group>";
		};
/* End PBXGroup section */

/* Begin PBXNativeTarget section */
		64F7C7E417AE0BAD00FE18B1 /* FinalProject */ = {
			isa = PBXNativeTarget;
			buildConfigurationList = 64F7C80817AE0BAD00FE18B1 /* Build configuration list for PBXNativeTarget "FinalProject" */;
			buildPhases = (
				68B06898A7E84214B720130A /* Check Pods Manifest.lock */,
				64F7C7E117AE0BAD00FE18B1 /* Sources */,
				64F7C7E217AE0BAD00FE18B1 /* Frameworks */,
				64F7C7E317AE0BAD00FE18B1 /* Resources */,
				8F83A858BAAC49C680B63FDC /* Copy Pods Resources */,
			);
			buildRules = (
			);
			dependencies = (
			);
			name = FinalProject;
			productName = FinalProject;
			productReference = 64F7C7E517AE0BAD00FE18B1 /* FinalProject.app */;
			productType = "com.apple.product-type.application";
		};
/* End PBXNativeTarget section */

/* Begin PBXProject section */
		64F7C7DD17AE0BAD00FE18B1 /* Project object */ = {
			isa = PBXProject;
			attributes = {
				CLASSPREFIX = Mi9;
				LastUpgradeCheck = 0460;
				ORGANIZATIONNAME = "Daphne Chong";
			};
			buildConfigurationList = 64F7C7E017AE0BAD00FE18B1 /* Build configuration list for PBXProject "FinalProject" */;
			compatibilityVersion = "Xcode 3.2";
			developmentRegion = English;
			hasScannedForEncodings = 0;
			knownRegions = (
				en,
			);
			mainGroup = 64F7C7DC17AE0BAD00FE18B1;
			productRefGroup = 64F7C7E617AE0BAD00FE18B1 /* Products */;
			projectDirPath = "";
			projectRoot = "";
			targets = (
				64F7C7E417AE0BAD00FE18B1 /* FinalProject */,
			);
		};
/* End PBXProject section */

/* Begin PBXResourcesBuildPhase section */
		64F7C7E317AE0BAD00FE18B1 /* Resources */ = {
			isa = PBXResourcesBuildPhase;
			buildActionMask = 2147483647;
			files = (
				64F7C7F317AE0BAD00FE18B1 /* InfoPlist.strings in Resources */,
				64F7C7FB17AE0BAD00FE18B1 /* Default.png in Resources */,
				64F7C7FD17AE0BAD00FE18B1 /* Default@2x.png in Resources */,
				64F7C7FF17AE0BAD00FE18B1 /* Default-568h@2x.png in Resources */,
				64F7C80517AE0BAD00FE18B1 /* Mi9ViewController.xib in Resources */,
				64F7C81217AE584D00FE18B1 /* BarViewController.xib in Resources */,
			);
			runOnlyForDeploymentPostprocessing = 0;
		};
/* End PBXResourcesBuildPhase section */

/* Begin PBXShellScriptBuildPhase section */
		68B06898A7E84214B720130A /* Check Pods Manifest.lock */ = {
			isa = PBXShellScriptBuildPhase;
			buildActionMask = 2147483647;
			files = (
			);
			inputPaths = (
			);
			name = "Check Pods Manifest.lock";
			outputPaths = (
			);
			runOnlyForDeploymentPostprocessing = 0;
			shellPath = /bin/sh;
			shellScript = "diff \"${PODS_ROOT}/../Podfile.lock\" \"${PODS_ROOT}/Manifest.lock\" > /dev/null\nif [[ $? != 0 ]] ; then\n    cat << EOM\nerror: The sandbox is not in sync with the Podfile.lock. Run 'pod install' or update your CocoaPods installation.\nEOM\n    exit 1\nfi\n";
			showEnvVarsInLog = 0;
		};
		8F83A858BAAC49C680B63FDC /* Copy Pods Resources */ = {
			isa = PBXShellScriptBuildPhase;
			buildActionMask = 2147483647;
			files = (
			);
			inputPaths = (
			);
			name = "Copy Pods Resources";
			outputPaths = (
			);
			runOnlyForDeploymentPostprocessing = 0;
			shellPath = /bin/sh;
			shellScript = "\"${SRCROOT}/Pods/Pods-resources.sh\"\n";
			showEnvVarsInLog = 0;
		};
/* End PBXShellScriptBuildPhase section */

/* Begin PBXSourcesBuildPhase section */
		64F7C7E117AE0BAD00FE18B1 /* Sources */ = {
			isa = PBXSourcesBuildPhase;
			buildActionMask = 2147483647;
			files = (
				64F7C7F517AE0BAD00FE18B1 /* main.m in Sources */,
				64F7C7F917AE0BAD00FE18B1 /* Mi9AppDelegate.m in Sources */,
				64F7C80217AE0BAD00FE18B1 /* Mi9ViewController.m in Sources */,
				64F7C80D17AE0C7300FE18B1 /* JSONFetcher.m in Sources */,
				64F7C81117AE584D00FE18B1 /* BarViewController.m in Sources */,
				648F99A617B782D10040E8FB /* Mi9BarDetails.m in Sources */,
				64B60EB517B7ACC0002B436B /* Mi9ViewControllerDataSource.m in Sources */,
			);
			runOnlyForDeploymentPostprocessing = 0;
		};
/* End PBXSourcesBuildPhase section */

/* Begin PBXVariantGroup section */
		64F7C7F117AE0BAD00FE18B1 /* InfoPlist.strings */ = {
			isa = PBXVariantGroup;
			children = (
				64F7C7F217AE0BAD00FE18B1 /* en */,
			);
			name = InfoPlist.strings;
			sourceTree = "<group>";
		};
		64F7C80317AE0BAD00FE18B1 /* Mi9ViewController.xib */ = {
			isa = PBXVariantGroup;
			children = (
				64F7C80417AE0BAD00FE18B1 /* en */,
			);
			name = Mi9ViewController.xib;
			sourceTree = "<group>";
		};
/* End PBXVariantGroup section */

/* Begin XCBuildConfiguration section */
		64F7C80617AE0BAD00FE18B1 /* Debug */ = {
			isa = XCBuildConfiguration;
			buildSettings = {
				ALWAYS_SEARCH_USER_PATHS = NO;
				CLANG_CXX_LANGUAGE_STANDARD = "gnu++0x";
				CLANG_CXX_LIBRARY = "libc++";
				CLANG_ENABLE_OBJC_ARC = YES;
				CLANG_WARN_CONSTANT_CONVERSION = YES;
				CLANG_WARN_EMPTY_BODY = YES;
				CLANG_WARN_ENUM_CONVERSION = YES;
				CLANG_WARN_INT_CONVERSION = YES;
				CLANG_WARN__DUPLICATE_METHOD_MATCH = YES;
				"CODE_SIGN_IDENTITY[sdk=iphoneos*]" = "iPhone Developer";
				COPY_PHASE_STRIP = NO;
				GCC_C_LANGUAGE_STANDARD = gnu99;
				GCC_DYNAMIC_NO_PIC = NO;
				GCC_OPTIMIZATION_LEVEL = 0;
				GCC_PREPROCESSOR_DEFINITIONS = (
					"DEBUG=1",
					"$(inherited)",
				);
				GCC_SYMBOLS_PRIVATE_EXTERN = NO;
				GCC_WARN_ABOUT_RETURN_TYPE = YES;
				GCC_WARN_UNINITIALIZED_AUTOS = YES;
				GCC_WARN_UNUSED_VARIABLE = YES;
				IPHONEOS_DEPLOYMENT_TARGET = 6.1;
				ONLY_ACTIVE_ARCH = YES;
				SDKROOT = iphoneos;
			};
			name = Debug;
		};
		64F7C80717AE0BAD00FE18B1 /* Release */ = {
			isa = XCBuildConfiguration;
			buildSettings = {
				ALWAYS_SEARCH_USER_PATHS = NO;
				CLANG_CXX_LANGUAGE_STANDARD = "gnu++0x";
				CLANG_CXX_LIBRARY = "libc++";
				CLANG_ENABLE_OBJC_ARC = YES;
				CLANG_WARN_CONSTANT_CONVERSION = YES;
				CLANG_WARN_EMPTY_BODY = YES;
				CLANG_WARN_ENUM_CONVERSION = YES;
				CLANG_WARN_INT_CONVERSION = YES;
				CLANG_WARN__DUPLICATE_METHOD_MATCH = YES;
				"CODE_SIGN_IDENTITY[sdk=iphoneos*]" = "iPhone Developer";
				COPY_PHASE_STRIP = YES;
				GCC_C_LANGUAGE_STANDARD = gnu99;
				GCC_WARN_ABOUT_RETURN_TYPE = YES;
				GCC_WARN_UNINITIALIZED_AUTOS = YES;
				GCC_WARN_UNUSED_VARIABLE = YES;
				IPHONEOS_DEPLOYMENT_TARGET = 6.1;
				OTHER_CFLAGS = "-DNS_BLOCK_ASSERTIONS=1";
				SDKROOT = iphoneos;
				VALIDATE_PRODUCT = YES;
			};
			name = Release;
		};
		64F7C80917AE0BAD00FE18B1 /* Debug */ = {
			isa = XCBuildConfiguration;
			baseConfigurationReference = 331998FCB9394237BC8DC3CF /* Pods.xcconfig */;
			buildSettings = {
				GCC_PRECOMPILE_PREFIX_HEADER = YES;
				GCC_PREFIX_HEADER = "FinalProject/FinalProject-Prefix.pch";
				INFOPLIST_FILE = "FinalProject/FinalProject-Info.plist";
				PRODUCT_NAME = "$(TARGET_NAME)";
				TARGETED_DEVICE_FAMILY = 1;
				WRAPPER_EXTENSION = app;
			};
			name = Debug;
		};
		64F7C80A17AE0BAD00FE18B1 /* Release */ = {
			isa = XCBuildConfiguration;
			baseConfigurationReference = 331998FCB9394237BC8DC3CF /* Pods.xcconfig */;
			buildSettings = {
				GCC_PRECOMPILE_PREFIX_HEADER = YES;
				GCC_PREFIX_HEADER = "FinalProject/FinalProject-Prefix.pch";
				INFOPLIST_FILE = "FinalProject/FinalProject-Info.plist";
				PRODUCT_NAME = "$(TARGET_NAME)";
				TARGETED_DEVICE_FAMILY = 1;
				WRAPPER_EXTENSION = app;
			};
			name = Release;
		};
/* End XCBuildConfiguration section */

/* Begin XCConfigurationList section */
		64F7C7E017AE0BAD00FE18B1 /* Build configuration list for PBXProject "FinalProject" */ = {
			isa = XCConfigurationList;
			buildConfigurations = (
				64F7C80617AE0BAD00FE18B1 /* Debug */,
				64F7C80717AE0BAD00FE18B1 /* Release */,
			);
			defaultConfigurationIsVisible = 0;
			defaultConfigurationName = Release;
		};
		64F7C80817AE0BAD00FE18B1 /* Build configuration list for PBXNativeTarget "FinalProject" */ = {
			isa = XCConfigurationList;
			buildConfigurations = (
				64F7C80917AE0BAD00FE18B1 /* Debug */,
				64F7C80A17AE0BAD00FE18B1 /* Release */,
			);
			defaultConfigurationIsVisible = 0;
			defaultConfigurationName = Release;
		};
/* End XCConfigurationList section */
	};
	rootObject = 64F7C7DD17AE0BAD00FE18B1 /* Project object */;
}
